
Microsoft Visual Studio Solution File, Format Version 12.00
# Visual Studio Version 16
VisualStudioVersion = 16.0.30711.63
MinimumVisualStudioVersion = 10.0.40219.1
Project("{FAE04EC0-301F-11D3-BF4B-00C04F79EFBC}") = "SandClock", "SandClock.csproj", "{A87E1136-83A3-4ADC-A737-51192CCED047}"
EndProject
Global
	GlobalSection(SolutionConfigurationPlatforms) = preSolution
		Debug|Any CPU = Debug|Any CPU
		Release|Any CPU = Release|Any CPU
	EndGlobalSection
	GlobalSection(ProjectConfigurationPlatforms) = postSolution
		{A87E1136-83A3-4ADC-A737-51192CCED047}.Debug|Any CPU.ActiveCfg = Debug|Any CPU
		{A87E1136-83A3-4ADC-A737-51192CCED047}.Debug|Any CPU.Build.0 = Debug|Any CPU
		{A87E1136-83A3-4ADC-A737-51192CCED047}.Release|Any CPU.ActiveCfg = Release|Any CPU
		{A87E1136-83A3-4ADC-A737-51192CCED047}.Release|Any CPU.Build.0 = Release|Any CPU
	EndGlobalSection
	GlobalSection(SolutionProperties) = preSolution
		HideSolutionNode = FALSE
	EndGlobalSection
	GlobalSection(ExtensibilityGlobals) = postSolution
		SolutionGuid = {3AD07D97-33B1-4B00-9F4C-B36D2AC17E77}
	EndGlobalSection
EndGlobal
